// !$*UTF8*$!
{
	archiveVersion = 1;
	classes = {
	};
	objectVersion = 56;
	objects = {

/* Begin PBXBuildFile section */
		8807B4032B1732540025F159 /* AppDelegate.swift in Sources */ = {isa = PBXBuildFile; fileRef = 8807B4022B1732540025F159 /* AppDelegate.swift */; };
		8807B4052B1732540025F159 /* SceneDelegate.swift in Sources */ = {isa = PBXBuildFile; fileRef = 8807B4042B1732540025F159 /* SceneDelegate.swift */; };
		8807B40C2B1732560025F159 /* Assets.xcassets in Resources */ = {isa = PBXBuildFile; fileRef = 8807B40B2B1732560025F159 /* Assets.xcassets */; };
		8807B40F2B1732560025F159 /* LaunchScreen.storyboard in Resources */ = {isa = PBXBuildFile; fileRef = 8807B40D2B1732560025F159 /* LaunchScreen.storyboard */; };
		8807B4192B1733700025F159 /* DGSwiftUtilities in Frameworks */ = {isa = PBXBuildFile; productRef = 8807B4182B1733700025F159 /* DGSwiftUtilities */; };
		88D6B5A42C3DCF2B005E900B /* RouteListViewController.swift in Sources */ = {isa = PBXBuildFile; fileRef = 88D6B59F2C3DCF2B005E900B /* RouteListViewController.swift */; };
		88D6B5A52C3DCF2B005E900B /* Test01ViewController.swift in Sources */ = {isa = PBXBuildFile; fileRef = 88D6B5A02C3DCF2B005E900B /* Test01ViewController.swift */; };
		88D6B5A62C3DCF2B005E900B /* Route.swift in Sources */ = {isa = PBXBuildFile; fileRef = 88D6B5A22C3DCF2B005E900B /* Route.swift */; };
		88D6B5A72C3DCF2B005E900B /* RouteManager.swift in Sources */ = {isa = PBXBuildFile; fileRef = 88D6B5A32C3DCF2B005E900B /* RouteManager.swift */; };
		88E6BEF62C47780200BAAE1F /* LogViewController.swift in Sources */ = {isa = PBXBuildFile; fileRef = 88E6BEF52C47780200BAAE1F /* LogViewController.swift */; };
/* End PBXBuildFile section */

/* Begin PBXFileReference section */
		8807B3FF2B1732540025F159 /* SwiftUtilitiesExample.app */ = {isa = PBXFileReference; explicitFileType = wrapper.application; includeInIndex = 0; path = SwiftUtilitiesExample.app; sourceTree = BUILT_PRODUCTS_DIR; };
		8807B4022B1732540025F159 /* AppDelegate.swift */ = {isa = PBXFileReference; lastKnownFileType = sourcecode.swift; path = AppDelegate.swift; sourceTree = "<group>"; };
		8807B4042B1732540025F159 /* SceneDelegate.swift */ = {isa = PBXFileReference; lastKnownFileType = sourcecode.swift; path = SceneDelegate.swift; sourceTree = "<group>"; };
		8807B40B2B1732560025F159 /* Assets.xcassets */ = {isa = PBXFileReference; lastKnownFileType = folder.assetcatalog; path = Assets.xcassets; sourceTree = "<group>"; };
		8807B40E2B1732560025F159 /* Base */ = {isa = PBXFileReference; lastKnownFileType = file.storyboard; name = Base; path = Base.lproj/LaunchScreen.storyboard; sourceTree = "<group>"; };
		8807B4102B1732560025F159 /* Info.plist */ = {isa = PBXFileReference; lastKnownFileType = text.plist.xml; path = Info.plist; sourceTree = "<group>"; };
		8807B4162B1733580025F159 /* DGSwiftUtilities */ = {isa = PBXFileReference; lastKnownFileType = wrapper; name = DGSwiftUtilities; path = ..; sourceTree = "<group>"; };
		88D6B59F2C3DCF2B005E900B /* RouteListViewController.swift */ = {isa = PBXFileReference; fileEncoding = 4; lastKnownFileType = sourcecode.swift; path = RouteListViewController.swift; sourceTree = "<group>"; };
		88D6B5A02C3DCF2B005E900B /* Test01ViewController.swift */ = {isa = PBXFileReference; fileEncoding = 4; lastKnownFileType = sourcecode.swift; path = Test01ViewController.swift; sourceTree = "<group>"; };
		88D6B5A22C3DCF2B005E900B /* Route.swift */ = {isa = PBXFileReference; fileEncoding = 4; lastKnownFileType = sourcecode.swift; path = Route.swift; sourceTree = "<group>"; };
		88D6B5A32C3DCF2B005E900B /* RouteManager.swift */ = {isa = PBXFileReference; fileEncoding = 4; lastKnownFileType = sourcecode.swift; path = RouteManager.swift; sourceTree = "<group>"; };
		88E6BEF52C47780200BAAE1F /* LogViewController.swift */ = {isa = PBXFileReference; lastKnownFileType = sourcecode.swift; path = LogViewController.swift; sourceTree = "<group>"; };
/* End PBXFileReference section */

/* Begin PBXFrameworksBuildPhase section */
		8807B3FC2B1732540025F159 /* Frameworks */ = {
			isa = PBXFrameworksBuildPhase;
			buildActionMask = 2147483647;
			files = (
				8807B4192B1733700025F159 /* DGSwiftUtilities in Frameworks */,
			);
			runOnlyForDeploymentPostprocessing = 0;
		};
/* End PBXFrameworksBuildPhase section */

/* Begin PBXGroup section */
		8807B3F62B1732540025F159 = {
			isa = PBXGroup;
			children = (
				8807B4162B1733580025F159 /* DGSwiftUtilities */,
				8807B4012B1732540025F159 /* SwiftUtilitiesExample */,
				88D6B59E2C3DCF2B005E900B /* Routes */,
				88D6B5A12C3DCF2B005E900B /* Sources */,
				8807B4002B1732540025F159 /* Products */,
				8807B4172B1733700025F159 /* Frameworks */,
			);
			sourceTree = "<group>";
		};
		8807B4002B1732540025F159 /* Products */ = {
			isa = PBXGroup;
			children = (
				8807B3FF2B1732540025F159 /* SwiftUtilitiesExample.app */,
			);
			name = Products;
			sourceTree = "<group>";
		};
		8807B4012B1732540025F159 /* SwiftUtilitiesExample */ = {
			isa = PBXGroup;
			children = (
				8807B4022B1732540025F159 /* AppDelegate.swift */,
				8807B4042B1732540025F159 /* SceneDelegate.swift */,
				8807B40B2B1732560025F159 /* Assets.xcassets */,
				8807B40D2B1732560025F159 /* LaunchScreen.storyboard */,
				8807B4102B1732560025F159 /* Info.plist */,
			);
			path = SwiftUtilitiesExample;
			sourceTree = "<group>";
		};
		8807B4172B1733700025F159 /* Frameworks */ = {
			isa = PBXGroup;
			children = (
			);
			name = Frameworks;
			sourceTree = "<group>";
		};
		88D6B59E2C3DCF2B005E900B /* Routes */ = {
			isa = PBXGroup;
			children = (
				88D6B59F2C3DCF2B005E900B /* RouteListViewController.swift */,
				88D6B5A02C3DCF2B005E900B /* Test01ViewController.swift */,
			);
			path = Routes;
			sourceTree = SOURCE_ROOT;
		};
		88D6B5A12C3DCF2B005E900B /* Sources */ = {
			isa = PBXGroup;
			children = (
				88D6B5A22C3DCF2B005E900B /* Route.swift */,
				88D6B5A32C3DCF2B005E900B /* RouteManager.swift */,
				88E6BEF52C47780200BAAE1F /* LogViewController.swift */,
			);
			path = Sources;
			sourceTree = SOURCE_ROOT;
		};
/* End PBXGroup section */

/* Begin PBXNativeTarget section */
		8807B3FE2B1732540025F159 /* SwiftUtilitiesExample */ = {
			isa = PBXNativeTarget;
			buildConfigurationList = 8807B4132B1732560025F159 /* Build configuration list for PBXNativeTarget "SwiftUtilitiesExample" */;
			buildPhases = (
				8807B3FB2B1732540025F159 /* Sources */,
				8807B3FC2B1732540025F159 /* Frameworks */,
				8807B3FD2B1732540025F159 /* Resources */,
			);
			buildRules = (
			);
			dependencies = (
			);
			name = SwiftUtilitiesExample;
			packageProductDependencies = (
				8807B4182B1733700025F159 /* DGSwiftUtilities */,
			);
			productName = SwiftUtilitiesExample;
			productReference = 8807B3FF2B1732540025F159 /* SwiftUtilitiesExample.app */;
			productType = "com.apple.product-type.application";
		};
/* End PBXNativeTarget section */

/* Begin PBXProject section */
		8807B3F72B1732540025F159 /* Project object */ = {
			isa = PBXProject;
			attributes = {
				BuildIndependentTargetsInParallel = 1;
				LastSwiftUpdateCheck = 1500;
				LastUpgradeCheck = 1500;
				TargetAttributes = {
					8807B3FE2B1732540025F159 = {
						CreatedOnToolsVersion = 15.0;
					};
				};
			};
			buildConfigurationList = 8807B3FA2B1732540025F159 /* Build configuration list for PBXProject "SwiftUtilitiesExample" */;
			compatibilityVersion = "Xcode 14.0";
			developmentRegion = en;
			hasScannedForEncodings = 0;
			knownRegions = (
				en,
				Base,
			);
			mainGroup = 8807B3F62B1732540025F159;
			productRefGroup = 8807B4002B1732540025F159 /* Products */;
			projectDirPath = "";
			projectRoot = "";
			targets = (
				8807B3FE2B1732540025F159 /* SwiftUtilitiesExample */,
			);
		};
/* End PBXProject section */

/* Begin PBXResourcesBuildPhase section */
		8807B3FD2B1732540025F159 /* Resources */ = {
			isa = PBXResourcesBuildPhase;
			buildActionMask = 2147483647;
			files = (
				8807B40F2B1732560025F159 /* LaunchScreen.storyboard in Resources */,
				8807B40C2B1732560025F159 /* Assets.xcassets in Resources */,
			);
			runOnlyForDeploymentPostprocessing = 0;
		};
/* End PBXResourcesBuildPhase section */

/* Begin PBXSourcesBuildPhase section */
		8807B3FB2B1732540025F159 /* Sources */ = {
			isa = PBXSourcesBuildPhase;
			buildActionMask = 2147483647;
			files = (
				8807B4032B1732540025F159 /* AppDelegate.swift in Sources */,
				88D6B5A52C3DCF2B005E900B /* Test01ViewController.swift in Sources */,
				88D6B5A42C3DCF2B005E900B /* RouteListViewController.swift in Sources */,
				88E6BEF62C47780200BAAE1F /* LogViewController.swift in Sources */,
				88D6B5A72C3DCF2B005E900B /* RouteManager.swift in Sources */,
				88D6B5A62C3DCF2B005E900B /* Route.swift in Sources */,
				8807B4052B1732540025F159 /* SceneDelegate.swift in Sources */,
			);
			runOnlyForDeploymentPostprocessing = 0;
		};
/* End PBXSourcesBuildPhase section */

/* Begin PBXVariantGroup section */
		8807B40D2B1732560025F159 /* LaunchScreen.storyboard */ = {
			isa = PBXVariantGroup;
			children = (
				8807B40E2B1732560025F159 /* Base */,
			);
			name = LaunchScreen.storyboard;
			sourceTree = "<group>";
		};
/* End PBXVariantGroup section */

/* Begin XCBuildConfiguration section */
		8807B4112B1732560025F159 /* Debug */ = {
			isa = XCBuildConfiguration;
			buildSettings = {
				ALWAYS_SEARCH_USER_PATHS = NO;
				ASSETCATALOG_COMPILER_GENERATE_SWIFT_ASSET_SYMBOL_EXTENSIONS = YES;
				CLANG_ANALYZER_NONNULL = YES;
				CLANG_ANALYZER_NUMBER_OBJECT_CONVERSION = YES_AGGRESSIVE;
				CLANG_CXX_LANGUAGE_STANDARD = "gnu++20";
				CLANG_ENABLE_MODULES = YES;
				CLANG_ENABLE_OBJC_ARC = YES;
				CLANG_ENABLE_OBJC_WEAK = YES;
				CLANG_WARN_BLOCK_CAPTURE_AUTORELEASING = YES;
				CLANG_WARN_BOOL_CONVERSION = YES;
				CLANG_WARN_COMMA = YES;
				CLANG_WARN_CONSTANT_CONVERSION = YES;
				CLANG_WARN_DEPRECATED_OBJC_IMPLEMENTATIONS = YES;
				CLANG_WARN_DIRECT_OBJC_ISA_USAGE = YES_ERROR;
				CLANG_WARN_DOCUMENTATION_COMMENTS = YES;
				CLANG_WARN_EMPTY_BODY = YES;
				CLANG_WARN_ENUM_CONVERSION = YES;
				CLANG_WARN_INFINITE_RECURSION = YES;
				CLANG_WARN_INT_CONVERSION = YES;
				CLANG_WARN_NON_LITERAL_NULL_CONVERSION = YES;
				CLANG_WARN_OBJC_IMPLICIT_RETAIN_SELF = YES;
				CLANG_WARN_OBJC_LITERAL_CONVERSION = YES;
				CLANG_WARN_OBJC_ROOT_CLASS = YES_ERROR;
				CLANG_WARN_QUOTED_INCLUDE_IN_FRAMEWORK_HEADER = YES;
				CLANG_WARN_RANGE_LOOP_ANALYSIS = YES;
				CLANG_WARN_STRICT_PROTOTYPES = YES;
				CLANG_WARN_SUSPICIOUS_MOVE = YES;
				CLANG_WARN_UNGUARDED_AVAILABILITY = YES_AGGRESSIVE;
				CLANG_WARN_UNREACHABLE_CODE = YES;
				CLANG_WARN__DUPLICATE_METHOD_MATCH = YES;
				COPY_PHASE_STRIP = NO;
				DEBUG_INFORMATION_FORMAT = dwarf;
				ENABLE_STRICT_OBJC_MSGSEND = YES;
				ENABLE_TESTABILITY = YES;
				ENABLE_USER_SCRIPT_SANDBOXING = YES;
				GCC_C_LANGUAGE_STANDARD = gnu17;
				GCC_DYNAMIC_NO_PIC = NO;
				GCC_NO_COMMON_BLOCKS = YES;
				GCC_OPTIMIZATION_LEVEL = 0;
				GCC_PREPROCESSOR_DEFINITIONS = (
					"DEBUG=1",
					"$(inherited)",
				);
				GCC_WARN_64_TO_32_BIT_CONVERSION = YES;
				GCC_WARN_ABOUT_RETURN_TYPE = YES_ERROR;
				GCC_WARN_UNDECLARED_SELECTOR = YES;
				GCC_WARN_UNINITIALIZED_AUTOS = YES_AGGRESSIVE;
				GCC_WARN_UNUSED_FUNCTION = YES;
				GCC_WARN_UNUSED_VARIABLE = YES;
				IPHONEOS_DEPLOYMENT_TARGET = 17.0;
				LOCALIZATION_PREFERS_STRING_CATALOGS = YES;
				MTL_ENABLE_DEBUG_INFO = INCLUDE_SOURCE;
				MTL_FAST_MATH = YES;
				ONLY_ACTIVE_ARCH = YES;
				SDKROOT = iphoneos;
				SWIFT_ACTIVE_COMPILATION_CONDITIONS = "DEBUG $(inherited)";
				SWIFT_OPTIMIZATION_LEVEL = "-Onone";
			};
			name = Debug;
		};
		8807B4122B1732560025F159 /* Release */ = {
			isa = XCBuildConfiguration;
			buildSettings = {
				ALWAYS_SEARCH_USER_PATHS = NO;
				ASSETCATALOG_COMPILER_GENERATE_SWIFT_ASSET_SYMBOL_EXTENSIONS = YES;
				CLANG_ANALYZER_NONNULL = YES;
				CLANG_ANALYZER_NUMBER_OBJECT_CONVERSION = YES_AGGRESSIVE;
				CLANG_CXX_LANGUAGE_STANDARD = "gnu++20";
				CLANG_ENABLE_MODULES = YES;
				CLANG_ENABLE_OBJC_ARC = YES;
				CLANG_ENABLE_OBJC_WEAK = YES;
				CLANG_WARN_BLOCK_CAPTURE_AUTORELEASING = YES;
				CLANG_WARN_BOOL_CONVERSION = YES;
				CLANG_WARN_COMMA = YES;
				CLANG_WARN_CONSTANT_CONVERSION = YES;
				CLANG_WARN_DEPRECATED_OBJC_IMPLEMENTATIONS = YES;
				CLANG_WARN_DIRECT_OBJC_ISA_USAGE = YES_ERROR;
				CLANG_WARN_DOCUMENTATION_COMMENTS = YES;
				CLANG_WARN_EMPTY_BODY = YES;
				CLANG_WARN_ENUM_CONVERSION = YES;
				CLANG_WARN_INFINITE_RECURSION = YES;
				CLANG_WARN_INT_CONVERSION = YES;
				CLANG_WARN_NON_LITERAL_NULL_CONVERSION = YES;
				CLANG_WARN_OBJC_IMPLICIT_RETAIN_SELF = YES;
				CLANG_WARN_OBJC_LITERAL_CONVERSION = YES;
				CLANG_WARN_OBJC_ROOT_CLASS = YES_ERROR;
				CLANG_WARN_QUOTED_INCLUDE_IN_FRAMEWORK_HEADER = YES;
				CLANG_WARN_RANGE_LOOP_ANALYSIS = YES;
				CLANG_WARN_STRICT_PROTOTYPES = YES;
				CLANG_WARN_SUSPICIOUS_MOVE = YES;
				CLANG_WARN_UNGUARDED_AVAILABILITY = YES_AGGRESSIVE;
				CLANG_WARN_UNREACHABLE_CODE = YES;
				CLANG_WARN__DUPLICATE_METHOD_MATCH = YES;
				COPY_PHASE_STRIP = NO;
				DEBUG_INFORMATION_FORMAT = "dwarf-with-dsym";
				ENABLE_NS_ASSERTIONS = NO;
				ENABLE_STRICT_OBJC_MSGSEND = YES;
				ENABLE_USER_SCRIPT_SANDBOXING = YES;
				GCC_C_LANGUAGE_STANDARD = gnu17;
				GCC_NO_COMMON_BLOCKS = YES;
				GCC_WARN_64_TO_32_BIT_CONVERSION = YES;
				GCC_WARN_ABOUT_RETURN_TYPE = YES_ERROR;
				GCC_WARN_UNDECLARED_SELECTOR = YES;
				GCC_WARN_UNINITIALIZED_AUTOS = YES_AGGRESSIVE;
				GCC_WARN_UNUSED_FUNCTION = YES;
				GCC_WARN_UNUSED_VARIABLE = YES;
				IPHONEOS_DEPLOYMENT_TARGET = 17.0;
				LOCALIZATION_PREFERS_STRING_CATALOGS = YES;
				MTL_ENABLE_DEBUG_INFO = NO;
				MTL_FAST_MATH = YES;
				SDKROOT = iphoneos;
				SWIFT_COMPILATION_MODE = wholemodule;
				VALIDATE_PRODUCT = YES;
			};
			name = Release;
		};
		8807B4142B1732560025F159 /* Debug */ = {
			isa = XCBuildConfiguration;
			buildSettings = {
				ASSETCATALOG_COMPILER_APPICON_NAME = AppIcon;
				ASSETCATALOG_COMPILER_GLOBAL_ACCENT_COLOR_NAME = AccentColor;
				CODE_SIGN_STYLE = Automatic;
				CURRENT_PROJECT_VERSION = 1;
				DEVELOPMENT_TEAM = ZC7A6XV8GR;
				GENERATE_INFOPLIST_FILE = YES;
				INFOPLIST_FILE = SwiftUtilitiesExample/Info.plist;
				INFOPLIST_KEY_UIApplicationSupportsIndirectInputEvents = YES;
				INFOPLIST_KEY_UILaunchStoryboardName = LaunchScreen.storyboard;
				INFOPLIST_KEY_UISupportedInterfaceOrientations_iPad = "UIInterfaceOrientationPortrait UIInterfaceOrientationPortraitUpsideDown UIInterfaceOrientationLandscapeLeft UIInterfaceOrientationLandscapeRight";
				INFOPLIST_KEY_UISupportedInterfaceOrientations_iPhone = "UIInterfaceOrientationPortrait UIInterfaceOrientationLandscapeLeft UIInterfaceOrientationLandscapeRight";
				LD_RUNPATH_SEARCH_PATHS = (
					"$(inherited)",
					"@executable_path/Frameworks",
				);
				MARKETING_VERSION = 1.0;
				PRODUCT_BUNDLE_IDENTIFIER = dev.dominicgo.SwiftUtilitiesExample;
				PRODUCT_NAME = "$(TARGET_NAME)";
				SWIFT_EMIT_LOC_STRINGS = YES;
				SWIFT_VERSION = 5.0;
				TARGETED_DEVICE_FAMILY = "1,2";
			};
			name = Debug;
		};
		8807B4152B1732560025F159 /* Release */ = {
			isa = XCBuildConfiguration;
			buildSettings = {
				ASSETCATALOG_COMPILER_APPICON_NAME = AppIcon;
				ASSETCATALOG_COMPILER_GLOBAL_ACCENT_COLOR_NAME = AccentColor;
				CODE_SIGN_STYLE = Automatic;
				CURRENT_PROJECT_VERSION = 1;
				DEVELOPMENT_TEAM = ZC7A6XV8GR;
				GENERATE_INFOPLIST_FILE = YES;
				INFOPLIST_FILE = SwiftUtilitiesExample/Info.plist;
				INFOPLIST_KEY_UIApplicationSupportsIndirectInputEvents = YES;
				INFOPLIST_KEY_UILaunchStoryboardName = LaunchScreen.storyboard;
				INFOPLIST_KEY_UISupportedInterfaceOrientations_iPad = "UIInterfaceOrientationPortrait UIInterfaceOrientationPortraitUpsideDown UIInterfaceOrientationLandscapeLeft UIInterfaceOrientationLandscapeRight";
				INFOPLIST_KEY_UISupportedInterfaceOrientations_iPhone = "UIInterfaceOrientationPortrait UIInterfaceOrientationLandscapeLeft UIInterfaceOrientationLandscapeRight";
				LD_RUNPATH_SEARCH_PATHS = (
					"$(inherited)",
					"@executable_path/Frameworks",
				);
				MARKETING_VERSION = 1.0;
				PRODUCT_BUNDLE_IDENTIFIER = dev.dominicgo.SwiftUtilitiesExample;
				PRODUCT_NAME = "$(TARGET_NAME)";
				SWIFT_EMIT_LOC_STRINGS = YES;
				SWIFT_VERSION = 5.0;
				TARGETED_DEVICE_FAMILY = "1,2";
			};
			name = Release;
		};
/* End XCBuildConfiguration section */

/* Begin XCConfigurationList section */
		8807B3FA2B1732540025F159 /* Build configuration list for PBXProject "SwiftUtilitiesExample" */ = {
			isa = XCConfigurationList;
			buildConfigurations = (
				8807B4112B1732560025F159 /* Debug */,
				8807B4122B1732560025F159 /* Release */,
			);
			defaultConfigurationIsVisible = 0;
			defaultConfigurationName = Release;
		};
		8807B4132B1732560025F159 /* Build configuration list for PBXNativeTarget "SwiftUtilitiesExample" */ = {
			isa = XCConfigurationList;
			buildConfigurations = (
				8807B4142B1732560025F159 /* Debug */,
				8807B4152B1732560025F159 /* Release */,
			);
			defaultConfigurationIsVisible = 0;
			defaultConfigurationName = Release;
		};
/* End XCConfigurationList section */

/* Begin XCSwiftPackageProductDependency section */
		8807B4182B1733700025F159 /* DGSwiftUtilities */ = {
			isa = XCSwiftPackageProductDependency;
			productName = DGSwiftUtilities;
		};
/* End XCSwiftPackageProductDependency section */
	};
	rootObject = 8807B3F72B1732540025F159 /* Project object */;
}
